
Microsoft Visual Studio Solution File, Format Version 12.00
# Visual Studio 2013
VisualStudioVersion = 12.0.31101.0
MinimumVisualStudioVersion = 10.0.40219.1
Project("{FAE04EC0-301F-11D3-BF4B-00C04F79EFBC}") = "MetricsDemo", "MetricsDemo\MetricsDemo.csproj", "{D90B1163-CDEB-464C-B1C3-82B48165BC9A}"
EndProject
Project("{2150E333-8FDC-42A3-9474-1A3956D46DE8}") = "ReferenceDll", "ReferenceDll", "{C6CFF882-E5FC-421F-BEDD-3198B0F3E1AB}"
	ProjectSection(SolutionItems) = preProject
		ReferenceDll\Metrics.dll = ReferenceDll\Metrics.dll
		ReferenceDll\Metrics.xml = ReferenceDll\Metrics.xml
	EndProjectSection
EndProject
Global
	GlobalSection(SolutionConfigurationPlatforms) = preSolution
		Debug|Any CPU = Debug|Any CPU
		Release|Any CPU = Release|Any CPU
	EndGlobalSection
	GlobalSection(ProjectConfigurationPlatforms) = postSolution
		{D90B1163-CDEB-464C-B1C3-82B48165BC9A}.Debug|Any CPU.ActiveCfg = Debug|Any CPU
		{D90B1163-CDEB-464C-B1C3-82B48165BC9A}.Debug|Any CPU.Build.0 = Debug|Any CPU
		{D90B1163-CDEB-464C-B1C3-82B48165BC9A}.Release|Any CPU.ActiveCfg = Release|Any CPU
		{D90B1163-CDEB-464C-B1C3-82B48165BC9A}.Release|Any CPU.Build.0 = Release|Any CPU
	EndGlobalSection
	GlobalSection(SolutionProperties) = preSolution
		HideSolutionNode = FALSE
	EndGlobalSection
EndGlobal
